
Microsoft Visual Studio Solution File, Format Version 12.00
# Visual Studio 14
VisualStudioVersion = 14.0.24720.0
MinimumVisualStudioVersion = 10.0.40219.1
Project("{FAE04EC0-301F-11D3-BF4B-00C04F79EFBC}") = "AssociateRecords.Services", "AssociateRecords.Services\AssociateRecords.Services.csproj", "{E1BB06D8-1948-45EF-AE4F-E9BC551221CA}"
EndProject
Project("{FAE04EC0-301F-11D3-BF4B-00C04F79EFBC}") = "AssociateRecords.Data", "AssociateRecords.Data\AssociateRecords.Data.csproj", "{DC5D0872-8F66-4BD9-AD8B-C5E0D1E1C27B}"
EndProject
Project("{FAE04EC0-301F-11D3-BF4B-00C04F79EFBC}") = "AssociateRecords.Domain", "AssociateRecords.Domain\AssociateRecords.Domain.csproj", "{36B611F0-8654-40E9-A5A7-82F2A5DFFD8E}"
EndProject
Project("{FAE04EC0-301F-11D3-BF4B-00C04F79EFBC}") = "AssociateRecords.Domain.Tests", "AssociateRecords.Domain.Tests\AssociateRecords.Domain.Tests.csproj", "{E628BC58-4D10-45F3-BBD8-C5EE46F5FE35}"
EndProject
Project("{FAE04EC0-301F-11D3-BF4B-00C04F79EFBC}") = "AssociateRecords.Web", "AssociateRecords.Web\AssociateRecords.Web.csproj", "{E0AF41DD-F9F0-48DD-9854-0BCA36CDFF67}"
EndProject
Project("{FAE04EC0-301F-11D3-BF4B-00C04F79EFBC}") = "AssociateRecords.Web.Tests", "AssociateRecords.Web.Tests\AssociateRecords.Web.Tests.csproj", "{EF2D8837-3815-44C3-A590-CE1F9738C332}"
EndProject
Global
	GlobalSection(SolutionConfigurationPlatforms) = preSolution
		Debug|Android = Debug|Android
		Debug|Any CPU = Debug|Any CPU
		Debug|iOS = Debug|iOS
		Debug|Windows Phone (Universal) = Debug|Windows Phone (Universal)
		Debug|Windows Phone 8 = Debug|Windows Phone 8
		Debug|Windows-AnyCPU = Debug|Windows-AnyCPU
		Debug|Windows-ARM = Debug|Windows-ARM
		Debug|Windows-x64 = Debug|Windows-x64
		Debug|Windows-x86 = Debug|Windows-x86
		Release|Android = Release|Android
		Release|Any CPU = Release|Any CPU
		Release|iOS = Release|iOS
		Release|Windows Phone (Universal) = Release|Windows Phone (Universal)
		Release|Windows Phone 8 = Release|Windows Phone 8
		Release|Windows-AnyCPU = Release|Windows-AnyCPU
		Release|Windows-ARM = Release|Windows-ARM
		Release|Windows-x64 = Release|Windows-x64
		Release|Windows-x86 = Release|Windows-x86
	EndGlobalSection
	GlobalSection(ProjectConfigurationPlatforms) = postSolution
		{E1BB06D8-1948-45EF-AE4F-E9BC551221CA}.Debug|Android.ActiveCfg = Debug|Any CPU
		{E1BB06D8-1948-45EF-AE4F-E9BC551221CA}.Debug|Android.Build.0 = Debug|Any CPU
		{E1BB06D8-1948-45EF-AE4F-E9BC551221CA}.Debug|Any CPU.ActiveCfg = Debug|Any CPU
		{E1BB06D8-1948-45EF-AE4F-E9BC551221CA}.Debug|Any CPU.Build.0 = Debug|Any CPU
		{E1BB06D8-1948-45EF-AE4F-E9BC551221CA}.Debug|iOS.ActiveCfg = Debug|Any CPU
		{E1BB06D8-1948-45EF-AE4F-E9BC551221CA}.Debug|iOS.Build.0 = Debug|Any CPU
		{E1BB06D8-1948-45EF-AE4F-E9BC551221CA}.Debug|Windows Phone (Universal).ActiveCfg = Debug|Any CPU
		{E1BB06D8-1948-45EF-AE4F-E9BC551221CA}.Debug|Windows Phone (Universal).Build.0 = Debug|Any CPU
		{E1BB06D8-1948-45EF-AE4F-E9BC551221CA}.Debug|Windows Phone 8.ActiveCfg = Debug|Any CPU
		{E1BB06D8-1948-45EF-AE4F-E9BC551221CA}.Debug|Windows Phone 8.Build.0 = Debug|Any CPU
		{E1BB06D8-1948-45EF-AE4F-E9BC551221CA}.Debug|Windows-AnyCPU.ActiveCfg = Debug|Any CPU
		{E1BB06D8-1948-45EF-AE4F-E9BC551221CA}.Debug|Windows-AnyCPU.Build.0 = Debug|Any CPU
		{E1BB06D8-1948-45EF-AE4F-E9BC551221CA}.Debug|Windows-ARM.ActiveCfg = Debug|Any CPU
		{E1BB06D8-1948-45EF-AE4F-E9BC551221CA}.Debug|Windows-ARM.Build.0 = Debug|Any CPU
		{E1BB06D8-1948-45EF-AE4F-E9BC551221CA}.Debug|Windows-x64.ActiveCfg = Debug|Any CPU
		{E1BB06D8-1948-45EF-AE4F-E9BC551221CA}.Debug|Windows-x64.Build.0 = Debug|Any CPU
		{E1BB06D8-1948-45EF-AE4F-E9BC551221CA}.Debug|Windows-x86.ActiveCfg = Debug|Any CPU
		{E1BB06D8-1948-45EF-AE4F-E9BC551221CA}.Debug|Windows-x86.Build.0 = Debug|Any CPU
		{E1BB06D8-1948-45EF-AE4F-E9BC551221CA}.Release|Android.ActiveCfg = Release|Any CPU
		{E1BB06D8-1948-45EF-AE4F-E9BC551221CA}.Release|Android.Build.0 = Release|Any CPU
		{E1BB06D8-1948-45EF-AE4F-E9BC551221CA}.Release|Any CPU.ActiveCfg = Release|Any CPU
		{E1BB06D8-1948-45EF-AE4F-E9BC551221CA}.Release|Any CPU.Build.0 = Release|Any CPU
		{E1BB06D8-1948-45EF-AE4F-E9BC551221CA}.Release|iOS.ActiveCfg = Release|Any CPU
		{E1BB06D8-1948-45EF-AE4F-E9BC551221CA}.Release|iOS.Build.0 = Release|Any CPU
		{E1BB06D8-1948-45EF-AE4F-E9BC551221CA}.Release|Windows Phone (Universal).ActiveCfg = Release|Any CPU
		{E1BB06D8-1948-45EF-AE4F-E9BC551221CA}.Release|Windows Phone (Universal).Build.0 = Release|Any CPU
		{E1BB06D8-1948-45EF-AE4F-E9BC551221CA}.Release|Windows Phone 8.ActiveCfg = Release|Any CPU
		{E1BB06D8-1948-45EF-AE4F-E9BC551221CA}.Release|Windows Phone 8.Build.0 = Release|Any CPU
		{E1BB06D8-1948-45EF-AE4F-E9BC551221CA}.Release|Windows-AnyCPU.ActiveCfg = Release|Any CPU
		{E1BB06D8-1948-45EF-AE4F-E9BC551221CA}.Release|Windows-AnyCPU.Build.0 = Release|Any CPU
		{E1BB06D8-1948-45EF-AE4F-E9BC551221CA}.Release|Windows-ARM.ActiveCfg = Release|Any CPU
		{E1BB06D8-1948-45EF-AE4F-E9BC551221CA}.Release|Windows-ARM.Build.0 = Release|Any CPU
		{E1BB06D8-1948-45EF-AE4F-E9BC551221CA}.Release|Windows-x64.ActiveCfg = Release|Any CPU
		{E1BB06D8-1948-45EF-AE4F-E9BC551221CA}.Release|Windows-x64.Build.0 = Release|Any CPU
		{E1BB06D8-1948-45EF-AE4F-E9BC551221CA}.Release|Windows-x86.ActiveCfg = Release|Any CPU
		{E1BB06D8-1948-45EF-AE4F-E9BC551221CA}.Release|Windows-x86.Build.0 = Release|Any CPU
		{DC5D0872-8F66-4BD9-AD8B-C5E0D1E1C27B}.Debug|Android.ActiveCfg = Debug|Any CPU
		{DC5D0872-8F66-4BD9-AD8B-C5E0D1E1C27B}.Debug|Android.Build.0 = Debug|Any CPU
		{DC5D0872-8F66-4BD9-AD8B-C5E0D1E1C27B}.Debug|Any CPU.ActiveCfg = Debug|Any CPU
		{DC5D0872-8F66-4BD9-AD8B-C5E0D1E1C27B}.Debug|Any CPU.Build.0 = Debug|Any CPU
		{DC5D0872-8F66-4BD9-AD8B-C5E0D1E1C27B}.Debug|iOS.ActiveCfg = Debug|Any CPU
		{DC5D0872-8F66-4BD9-AD8B-C5E0D1E1C27B}.Debug|iOS.Build.0 = Debug|Any CPU
		{DC5D0872-8F66-4BD9-AD8B-C5E0D1E1C27B}.Debug|Windows Phone (Universal).ActiveCfg = Debug|Any CPU
		{DC5D0872-8F66-4BD9-AD8B-C5E0D1E1C27B}.Debug|Windows Phone (Universal).Build.0 = Debug|Any CPU
		{DC5D0872-8F66-4BD9-AD8B-C5E0D1E1C27B}.Debug|Windows Phone 8.ActiveCfg = Debug|Any CPU
		{DC5D0872-8F66-4BD9-AD8B-C5E0D1E1C27B}.Debug|Windows Phone 8.Build.0 = Debug|Any CPU
		{DC5D0872-8F66-4BD9-AD8B-C5E0D1E1C27B}.Debug|Windows-AnyCPU.ActiveCfg = Debug|Any CPU
		{DC5D0872-8F66-4BD9-AD8B-C5E0D1E1C27B}.Debug|Windows-AnyCPU.Build.0 = Debug|Any CPU
		{DC5D0872-8F66-4BD9-AD8B-C5E0D1E1C27B}.Debug|Windows-ARM.ActiveCfg = Debug|Any CPU
		{DC5D0872-8F66-4BD9-AD8B-C5E0D1E1C27B}.Debug|Windows-ARM.Build.0 = Debug|Any CPU
		{DC5D0872-8F66-4BD9-AD8B-C5E0D1E1C27B}.Debug|Windows-x64.ActiveCfg = Debug|Any CPU
		{DC5D0872-8F66-4BD9-AD8B-C5E0D1E1C27B}.Debug|Windows-x64.Build.0 = Debug|Any CPU
		{DC5D0872-8F66-4BD9-AD8B-C5E0D1E1C27B}.Debug|Windows-x86.ActiveCfg = Debug|Any CPU
		{DC5D0872-8F66-4BD9-AD8B-C5E0D1E1C27B}.Debug|Windows-x86.Build.0 = Debug|Any CPU
		{DC5D0872-8F66-4BD9-AD8B-C5E0D1E1C27B}.Release|Android.ActiveCfg = Release|Any CPU
		{DC5D0872-8F66-4BD9-AD8B-C5E0D1E1C27B}.Release|Android.Build.0 = Release|Any CPU
		{DC5D0872-8F66-4BD9-AD8B-C5E0D1E1C27B}.Release|Any CPU.ActiveCfg = Release|Any CPU
		{DC5D0872-8F66-4BD9-AD8B-C5E0D1E1C27B}.Release|Any CPU.Build.0 = Release|Any CPU
		{DC5D0872-8F66-4BD9-AD8B-C5E0D1E1C27B}.Release|iOS.ActiveCfg = Release|Any CPU
		{DC5D0872-8F66-4BD9-AD8B-C5E0D1E1C27B}.Release|iOS.Build.0 = Release|Any CPU
		{DC5D0872-8F66-4BD9-AD8B-C5E0D1E1C27B}.Release|Windows Phone (Universal).ActiveCfg = Release|Any CPU
		{DC5D0872-8F66-4BD9-AD8B-C5E0D1E1C27B}.Release|Windows Phone (Universal).Build.0 = Release|Any CPU
		{DC5D0872-8F66-4BD9-AD8B-C5E0D1E1C27B}.Release|Windows Phone 8.ActiveCfg = Release|Any CPU
		{DC5D0872-8F66-4BD9-AD8B-C5E0D1E1C27B}.Release|Windows Phone 8.Build.0 = Release|Any CPU
		{DC5D0872-8F66-4BD9-AD8B-C5E0D1E1C27B}.Release|Windows-AnyCPU.ActiveCfg = Release|Any CPU
		{DC5D0872-8F66-4BD9-AD8B-C5E0D1E1C27B}.Release|Windows-AnyCPU.Build.0 = Release|Any CPU
		{DC5D0872-8F66-4BD9-AD8B-C5E0D1E1C27B}.Release|Windows-ARM.ActiveCfg = Release|Any CPU
		{DC5D0872-8F66-4BD9-AD8B-C5E0D1E1C27B}.Release|Windows-ARM.Build.0 = Release|Any CPU
		{DC5D0872-8F66-4BD9-AD8B-C5E0D1E1C27B}.Release|Windows-x64.ActiveCfg = Release|Any CPU
		{DC5D0872-8F66-4BD9-AD8B-C5E0D1E1C27B}.Release|Windows-x64.Build.0 = Release|Any CPU
		{DC5D0872-8F66-4BD9-AD8B-C5E0D1E1C27B}.Release|Windows-x86.ActiveCfg = Release|Any CPU
		{DC5D0872-8F66-4BD9-AD8B-C5E0D1E1C27B}.Release|Windows-x86.Build.0 = Release|Any CPU
		{36B611F0-8654-40E9-A5A7-82F2A5DFFD8E}.Debug|Android.ActiveCfg = Debug|Any CPU
		{36B611F0-8654-40E9-A5A7-82F2A5DFFD8E}.Debug|Android.Build.0 = Debug|Any CPU
		{36B611F0-8654-40E9-A5A7-82F2A5DFFD8E}.Debug|Any CPU.ActiveCfg = Debug|Any CPU
		{36B611F0-8654-40E9-A5A7-82F2A5DFFD8E}.Debug|Any CPU.Build.0 = Debug|Any CPU
		{36B611F0-8654-40E9-A5A7-82F2A5DFFD8E}.Debug|iOS.ActiveCfg = Debug|Any CPU
		{36B611F0-8654-40E9-A5A7-82F2A5DFFD8E}.Debug|iOS.Build.0 = Debug|Any CPU
		{36B611F0-8654-40E9-A5A7-82F2A5DFFD8E}.Debug|Windows Phone (Universal).ActiveCfg = Debug|Any CPU
		{36B611F0-8654-40E9-A5A7-82F2A5DFFD8E}.Debug|Windows Phone (Universal).Build.0 = Debug|Any CPU
		{36B611F0-8654-40E9-A5A7-82F2A5DFFD8E}.Debug|Windows Phone 8.ActiveCfg = Debug|Any CPU
		{36B611F0-8654-40E9-A5A7-82F2A5DFFD8E}.Debug|Windows Phone 8.Build.0 = Debug|Any CPU
		{36B611F0-8654-40E9-A5A7-82F2A5DFFD8E}.Debug|Windows-AnyCPU.ActiveCfg = Debug|Any CPU
		{36B611F0-8654-40E9-A5A7-82F2A5DFFD8E}.Debug|Windows-AnyCPU.Build.0 = Debug|Any CPU
		{36B611F0-8654-40E9-A5A7-82F2A5DFFD8E}.Debug|Windows-ARM.ActiveCfg = Debug|Any CPU
		{36B611F0-8654-40E9-A5A7-82F2A5DFFD8E}.Debug|Windows-ARM.Build.0 = Debug|Any CPU
		{36B611F0-8654-40E9-A5A7-82F2A5DFFD8E}.Debug|Windows-x64.ActiveCfg = Debug|Any CPU
		{36B611F0-8654-40E9-A5A7-82F2A5DFFD8E}.Debug|Windows-x64.Build.0 = Debug|Any CPU
		{36B611F0-8654-40E9-A5A7-82F2A5DFFD8E}.Debug|Windows-x86.ActiveCfg = Debug|Any CPU
		{36B611F0-8654-40E9-A5A7-82F2A5DFFD8E}.Debug|Windows-x86.Build.0 = Debug|Any CPU
		{36B611F0-8654-40E9-A5A7-82F2A5DFFD8E}.Release|Android.ActiveCfg = Release|Any CPU
		{36B611F0-8654-40E9-A5A7-82F2A5DFFD8E}.Release|Android.Build.0 = Release|Any CPU
		{36B611F0-8654-40E9-A5A7-82F2A5DFFD8E}.Release|Any CPU.ActiveCfg = Release|Any CPU
		{36B611F0-8654-40E9-A5A7-82F2A5DFFD8E}.Release|Any CPU.Build.0 = Release|Any CPU
		{36B611F0-8654-40E9-A5A7-82F2A5DFFD8E}.Release|iOS.ActiveCfg = Release|Any CPU
		{36B611F0-8654-40E9-A5A7-82F2A5DFFD8E}.Release|iOS.Build.0 = Release|Any CPU
		{36B611F0-8654-40E9-A5A7-82F2A5DFFD8E}.Release|Windows Phone (Universal).ActiveCfg = Release|Any CPU
		{36B611F0-8654-40E9-A5A7-82F2A5DFFD8E}.Release|Windows Phone (Universal).Build.0 = Release|Any CPU
		{36B611F0-8654-40E9-A5A7-82F2A5DFFD8E}.Release|Windows Phone 8.ActiveCfg = Release|Any CPU
		{36B611F0-8654-40E9-A5A7-82F2A5DFFD8E}.Release|Windows Phone 8.Build.0 = Release|Any CPU
		{36B611F0-8654-40E9-A5A7-82F2A5DFFD8E}.Release|Windows-AnyCPU.ActiveCfg = Release|Any CPU
		{36B611F0-8654-40E9-A5A7-82F2A5DFFD8E}.Release|Windows-AnyCPU.Build.0 = Release|Any CPU
		{36B611F0-8654-40E9-A5A7-82F2A5DFFD8E}.Release|Windows-ARM.ActiveCfg = Release|Any CPU
		{36B611F0-8654-40E9-A5A7-82F2A5DFFD8E}.Release|Windows-ARM.Build.0 = Release|Any CPU
		{36B611F0-8654-40E9-A5A7-82F2A5DFFD8E}.Release|Windows-x64.ActiveCfg = Release|Any CPU
		{36B611F0-8654-40E9-A5A7-82F2A5DFFD8E}.Release|Windows-x64.Build.0 = Release|Any CPU
		{36B611F0-8654-40E9-A5A7-82F2A5DFFD8E}.Release|Windows-x86.ActiveCfg = Release|Any CPU
		{36B611F0-8654-40E9-A5A7-82F2A5DFFD8E}.Release|Windows-x86.Build.0 = Release|Any CPU
		{E628BC58-4D10-45F3-BBD8-C5EE46F5FE35}.Debug|Android.ActiveCfg = Debug|Any CPU
		{E628BC58-4D10-45F3-BBD8-C5EE46F5FE35}.Debug|Android.Build.0 = Debug|Any CPU
		{E628BC58-4D10-45F3-BBD8-C5EE46F5FE35}.Debug|Any CPU.ActiveCfg = Debug|Any CPU
		{E628BC58-4D10-45F3-BBD8-C5EE46F5FE35}.Debug|Any CPU.Build.0 = Debug|Any CPU
		{E628BC58-4D10-45F3-BBD8-C5EE46F5FE35}.Debug|iOS.ActiveCfg = Debug|Any CPU
		{E628BC58-4D10-45F3-BBD8-C5EE46F5FE35}.Debug|iOS.Build.0 = Debug|Any CPU
		{E628BC58-4D10-45F3-BBD8-C5EE46F5FE35}.Debug|Windows Phone (Universal).ActiveCfg = Debug|Any CPU
		{E628BC58-4D10-45F3-BBD8-C5EE46F5FE35}.Debug|Windows Phone (Universal).Build.0 = Debug|Any CPU
		{E628BC58-4D10-45F3-BBD8-C5EE46F5FE35}.Debug|Windows Phone 8.ActiveCfg = Debug|Any CPU
		{E628BC58-4D10-45F3-BBD8-C5EE46F5FE35}.Debug|Windows Phone 8.Build.0 = Debug|Any CPU
		{E628BC58-4D10-45F3-BBD8-C5EE46F5FE35}.Debug|Windows-AnyCPU.ActiveCfg = Debug|Any CPU
		{E628BC58-4D10-45F3-BBD8-C5EE46F5FE35}.Debug|Windows-AnyCPU.Build.0 = Debug|Any CPU
		{E628BC58-4D10-45F3-BBD8-C5EE46F5FE35}.Debug|Windows-ARM.ActiveCfg = Debug|Any CPU
		{E628BC58-4D10-45F3-BBD8-C5EE46F5FE35}.Debug|Windows-ARM.Build.0 = Debug|Any CPU
		{E628BC58-4D10-45F3-BBD8-C5EE46F5FE35}.Debug|Windows-x64.ActiveCfg = Debug|Any CPU
		{E628BC58-4D10-45F3-BBD8-C5EE46F5FE35}.Debug|Windows-x64.Build.0 = Debug|Any CPU
		{E628BC58-4D10-45F3-BBD8-C5EE46F5FE35}.Debug|Windows-x86.ActiveCfg = Debug|Any CPU
		{E628BC58-4D10-45F3-BBD8-C5EE46F5FE35}.Debug|Windows-x86.Build.0 = Debug|Any CPU
		{E628BC58-4D10-45F3-BBD8-C5EE46F5FE35}.Release|Android.ActiveCfg = Release|Any CPU
		{E628BC58-4D10-45F3-BBD8-C5EE46F5FE35}.Release|Android.Build.0 = Release|Any CPU
		{E628BC58-4D10-45F3-BBD8-C5EE46F5FE35}.Release|Any CPU.ActiveCfg = Release|Any CPU
		{E628BC58-4D10-45F3-BBD8-C5EE46F5FE35}.Release|Any CPU.Build.0 = Release|Any CPU
		{E628BC58-4D10-45F3-BBD8-C5EE46F5FE35}.Release|iOS.ActiveCfg = Release|Any CPU
		{E628BC58-4D10-45F3-BBD8-C5EE46F5FE35}.Release|iOS.Build.0 = Release|Any CPU
		{E628BC58-4D10-45F3-BBD8-C5EE46F5FE35}.Release|Windows Phone (Universal).ActiveCfg = Release|Any CPU
		{E628BC58-4D10-45F3-BBD8-C5EE46F5FE35}.Release|Windows Phone (Universal).Build.0 = Release|Any CPU
		{E628BC58-4D10-45F3-BBD8-C5EE46F5FE35}.Release|Windows Phone 8.ActiveCfg = Release|Any CPU
		{E628BC58-4D10-45F3-BBD8-C5EE46F5FE35}.Release|Windows Phone 8.Build.0 = Release|Any CPU
		{E628BC58-4D10-45F3-BBD8-C5EE46F5FE35}.Release|Windows-AnyCPU.ActiveCfg = Release|Any CPU
		{E628BC58-4D10-45F3-BBD8-C5EE46F5FE35}.Release|Windows-AnyCPU.Build.0 = Release|Any CPU
		{E628BC58-4D10-45F3-BBD8-C5EE46F5FE35}.Release|Windows-ARM.ActiveCfg = Release|Any CPU
		{E628BC58-4D10-45F3-BBD8-C5EE46F5FE35}.Release|Windows-ARM.Build.0 = Release|Any CPU
		{E628BC58-4D10-45F3-BBD8-C5EE46F5FE35}.Release|Windows-x64.ActiveCfg = Release|Any CPU
		{E628BC58-4D10-45F3-BBD8-C5EE46F5FE35}.Release|Windows-x64.Build.0 = Release|Any CPU
		{E628BC58-4D10-45F3-BBD8-C5EE46F5FE35}.Release|Windows-x86.ActiveCfg = Release|Any CPU
		{E628BC58-4D10-45F3-BBD8-C5EE46F5FE35}.Release|Windows-x86.Build.0 = Release|Any CPU
		{E0AF41DD-F9F0-48DD-9854-0BCA36CDFF67}.Debug|Android.ActiveCfg = Debug|Any CPU
		{E0AF41DD-F9F0-48DD-9854-0BCA36CDFF67}.Debug|Android.Build.0 = Debug|Any CPU
		{E0AF41DD-F9F0-48DD-9854-0BCA36CDFF67}.Debug|Any CPU.ActiveCfg = Debug|Any CPU
		{E0AF41DD-F9F0-48DD-9854-0BCA36CDFF67}.Debug|Any CPU.Build.0 = Debug|Any CPU
		{E0AF41DD-F9F0-48DD-9854-0BCA36CDFF67}.Debug|iOS.ActiveCfg = Debug|Any CPU
		{E0AF41DD-F9F0-48DD-9854-0BCA36CDFF67}.Debug|iOS.Build.0 = Debug|Any CPU
		{E0AF41DD-F9F0-48DD-9854-0BCA36CDFF67}.Debug|Windows Phone (Universal).ActiveCfg = Debug|Any CPU
		{E0AF41DD-F9F0-48DD-9854-0BCA36CDFF67}.Debug|Windows Phone (Universal).Build.0 = Debug|Any CPU
		{E0AF41DD-F9F0-48DD-9854-0BCA36CDFF67}.Debug|Windows Phone 8.ActiveCfg = Debug|Any CPU
		{E0AF41DD-F9F0-48DD-9854-0BCA36CDFF67}.Debug|Windows Phone 8.Build.0 = Debug|Any CPU
		{E0AF41DD-F9F0-48DD-9854-0BCA36CDFF67}.Debug|Windows-AnyCPU.ActiveCfg = Debug|Any CPU
		{E0AF41DD-F9F0-48DD-9854-0BCA36CDFF67}.Debug|Windows-AnyCPU.Build.0 = Debug|Any CPU
		{E0AF41DD-F9F0-48DD-9854-0BCA36CDFF67}.Debug|Windows-ARM.ActiveCfg = Debug|Any CPU
		{E0AF41DD-F9F0-48DD-9854-0BCA36CDFF67}.Debug|Windows-ARM.Build.0 = Debug|Any CPU
		{E0AF41DD-F9F0-48DD-9854-0BCA36CDFF67}.Debug|Windows-x64.ActiveCfg = Debug|Any CPU
		{E0AF41DD-F9F0-48DD-9854-0BCA36CDFF67}.Debug|Windows-x64.Build.0 = Debug|Any CPU
		{E0AF41DD-F9F0-48DD-9854-0BCA36CDFF67}.Debug|Windows-x86.ActiveCfg = Debug|Any CPU
		{E0AF41DD-F9F0-48DD-9854-0BCA36CDFF67}.Debug|Windows-x86.Build.0 = Debug|Any CPU
		{E0AF41DD-F9F0-48DD-9854-0BCA36CDFF67}.Release|Android.ActiveCfg = Release|Any CPU
		{E0AF41DD-F9F0-48DD-9854-0BCA36CDFF67}.Release|Android.Build.0 = Release|Any CPU
		{E0AF41DD-F9F0-48DD-9854-0BCA36CDFF67}.Release|Any CPU.ActiveCfg = Release|Any CPU
		{E0AF41DD-F9F0-48DD-9854-0BCA36CDFF67}.Release|Any CPU.Build.0 = Release|Any CPU
		{E0AF41DD-F9F0-48DD-9854-0BCA36CDFF67}.Release|iOS.ActiveCfg = Release|Any CPU
		{E0AF41DD-F9F0-48DD-9854-0BCA36CDFF67}.Release|iOS.Build.0 = Release|Any CPU
		{E0AF41DD-F9F0-48DD-9854-0BCA36CDFF67}.Release|Windows Phone (Universal).ActiveCfg = Release|Any CPU
		{E0AF41DD-F9F0-48DD-9854-0BCA36CDFF67}.Release|Windows Phone (Universal).Build.0 = Release|Any CPU
		{E0AF41DD-F9F0-48DD-9854-0BCA36CDFF67}.Release|Windows Phone 8.ActiveCfg = Release|Any CPU
		{E0AF41DD-F9F0-48DD-9854-0BCA36CDFF67}.Release|Windows Phone 8.Build.0 = Release|Any CPU
		{E0AF41DD-F9F0-48DD-9854-0BCA36CDFF67}.Release|Windows-AnyCPU.ActiveCfg = Release|Any CPU
		{E0AF41DD-F9F0-48DD-9854-0BCA36CDFF67}.Release|Windows-AnyCPU.Build.0 = Release|Any CPU
		{E0AF41DD-F9F0-48DD-9854-0BCA36CDFF67}.Release|Windows-ARM.ActiveCfg = Release|Any CPU
		{E0AF41DD-F9F0-48DD-9854-0BCA36CDFF67}.Release|Windows-ARM.Build.0 = Release|Any CPU
		{E0AF41DD-F9F0-48DD-9854-0BCA36CDFF67}.Release|Windows-x64.ActiveCfg = Release|Any CPU
		{E0AF41DD-F9F0-48DD-9854-0BCA36CDFF67}.Release|Windows-x64.Build.0 = Release|Any CPU
		{E0AF41DD-F9F0-48DD-9854-0BCA36CDFF67}.Release|Windows-x86.ActiveCfg = Release|Any CPU
		{E0AF41DD-F9F0-48DD-9854-0BCA36CDFF67}.Release|Windows-x86.Build.0 = Release|Any CPU
		{EF2D8837-3815-44C3-A590-CE1F9738C332}.Debug|Android.ActiveCfg = Debug|Any CPU
		{EF2D8837-3815-44C3-A590-CE1F9738C332}.Debug|Android.Build.0 = Debug|Any CPU
		{EF2D8837-3815-44C3-A590-CE1F9738C332}.Debug|Any CPU.ActiveCfg = Debug|Any CPU
		{EF2D8837-3815-44C3-A590-CE1F9738C332}.Debug|Any CPU.Build.0 = Debug|Any CPU
		{EF2D8837-3815-44C3-A590-CE1F9738C332}.Debug|iOS.ActiveCfg = Debug|Any CPU
		{EF2D8837-3815-44C3-A590-CE1F9738C332}.Debug|iOS.Build.0 = Debug|Any CPU
		{EF2D8837-3815-44C3-A590-CE1F9738C332}.Debug|Windows Phone (Universal).ActiveCfg = Debug|Any CPU
		{EF2D8837-3815-44C3-A590-CE1F9738C332}.Debug|Windows Phone (Universal).Build.0 = Debug|Any CPU
		{EF2D8837-3815-44C3-A590-CE1F9738C332}.Debug|Windows Phone 8.ActiveCfg = Debug|Any CPU
		{EF2D8837-3815-44C3-A590-CE1F9738C332}.Debug|Windows Phone 8.Build.0 = Debug|Any CPU
		{EF2D8837-3815-44C3-A590-CE1F9738C332}.Debug|Windows-AnyCPU.ActiveCfg = Debug|Any CPU
		{EF2D8837-3815-44C3-A590-CE1F9738C332}.Debug|Windows-AnyCPU.Build.0 = Debug|Any CPU
		{EF2D8837-3815-44C3-A590-CE1F9738C332}.Debug|Windows-ARM.ActiveCfg = Debug|Any CPU
		{EF2D8837-3815-44C3-A590-CE1F9738C332}.Debug|Windows-ARM.Build.0 = Debug|Any CPU
		{EF2D8837-3815-44C3-A590-CE1F9738C332}.Debug|Windows-x64.ActiveCfg = Debug|Any CPU
		{EF2D8837-3815-44C3-A590-CE1F9738C332}.Debug|Windows-x64.Build.0 = Debug|Any CPU
		{EF2D8837-3815-44C3-A590-CE1F9738C332}.Debug|Windows-x86.ActiveCfg = Debug|Any CPU
		{EF2D8837-3815-44C3-A590-CE1F9738C332}.Debug|Windows-x86.Build.0 = Debug|Any CPU
		{EF2D8837-3815-44C3-A590-CE1F9738C332}.Release|Android.ActiveCfg = Release|Any CPU
		{EF2D8837-3815-44C3-A590-CE1F9738C332}.Release|Android.Build.0 = Release|Any CPU
		{EF2D8837-3815-44C3-A590-CE1F9738C332}.Release|Any CPU.ActiveCfg = Release|Any CPU
		{EF2D8837-3815-44C3-A590-CE1F9738C332}.Release|Any CPU.Build.0 = Release|Any CPU
		{EF2D8837-3815-44C3-A590-CE1F9738C332}.Release|iOS.ActiveCfg = Release|Any CPU
		{EF2D8837-3815-44C3-A590-CE1F9738C332}.Release|iOS.Build.0 = Release|Any CPU
		{EF2D8837-3815-44C3-A590-CE1F9738C332}.Release|Windows Phone (Universal).ActiveCfg = Release|Any CPU
		{EF2D8837-3815-44C3-A590-CE1F9738C332}.Release|Windows Phone (Universal).Build.0 = Release|Any CPU
		{EF2D8837-3815-44C3-A590-CE1F9738C332}.Release|Windows Phone 8.ActiveCfg = Release|Any CPU
		{EF2D8837-3815-44C3-A590-CE1F9738C332}.Release|Windows Phone 8.Build.0 = Release|Any CPU
		{EF2D8837-3815-44C3-A590-CE1F9738C332}.Release|Windows-AnyCPU.ActiveCfg = Release|Any CPU
		{EF2D8837-3815-44C3-A590-CE1F9738C332}.Release|Windows-AnyCPU.Build.0 = Release|Any CPU
		{EF2D8837-3815-44C3-A590-CE1F9738C332}.Release|Windows-ARM.ActiveCfg = Release|Any CPU
		{EF2D8837-3815-44C3-A590-CE1F9738C332}.Release|Windows-ARM.Build.0 = Release|Any CPU
		{EF2D8837-3815-44C3-A590-CE1F9738C332}.Release|Windows-x64.ActiveCfg = Release|Any CPU
		{EF2D8837-3815-44C3-A590-CE1F9738C332}.Release|Windows-x64.Build.0 = Release|Any CPU
		{EF2D8837-3815-44C3-A590-CE1F9738C332}.Release|Windows-x86.ActiveCfg = Release|Any CPU
		{EF2D8837-3815-44C3-A590-CE1F9738C332}.Release|Windows-x86.Build.0 = Release|Any CPU
	EndGlobalSection
	GlobalSection(SolutionProperties) = preSolution
		HideSolutionNode = FALSE
	EndGlobalSection
EndGlobal
